
Microsoft Visual Studio Solution File, Format Version 12.00
# Visual Studio 15
VisualStudioVersion = 15.0.28010.2003
MinimumVisualStudioVersion = 10.0.40219.1
Project("{FAE04EC0-301F-11D3-BF4B-00C04F79EFBC}") = "OrderRange", "OrderRange.csproj", "{A66CD036-71DE-4313-9E26-DE562A8C03E6}"
EndProject
Global
	GlobalSection(SolutionConfigurationPlatforms) = preSolution
		Debug|Any CPU = Debug|Any CPU
		Release|Any CPU = Release|Any CPU
	EndGlobalSection
	GlobalSection(ProjectConfigurationPlatforms) = postSolution
		{A66CD036-71DE-4313-9E26-DE562A8C03E6}.Debug|Any CPU.ActiveCfg = Debug|Any CPU
		{A66CD036-71DE-4313-9E26-DE562A8C03E6}.Debug|Any CPU.Build.0 = Debug|Any CPU
		{A66CD036-71DE-4313-9E26-DE562A8C03E6}.Release|Any CPU.ActiveCfg = Release|Any CPU
		{A66CD036-71DE-4313-9E26-DE562A8C03E6}.Release|Any CPU.Build.0 = Release|Any CPU
	EndGlobalSection
	GlobalSection(SolutionProperties) = preSolution
		HideSolutionNode = FALSE
	EndGlobalSection
	GlobalSection(ExtensibilityGlobals) = postSolution
		SolutionGuid = {95864A1C-3338-4355-8DA8-B0B0064ACAC5}
	EndGlobalSection
EndGlobal
